
Microsoft Visual Studio Solution File, Format Version 12.00
# Visual Studio Version 17
VisualStudioVersion = 17.13.35828.75 d17.13
MinimumVisualStudioVersion = 10.0.40219.1
Project("{FAE04EC0-301F-11D3-BF4B-00C04F79EFBC}") = "TaskManagementAPI", "TaskManagementAPI.csproj", "{B4F95398-F18B-4453-8FCF-D2C6FA3FD5E2}"
EndProject
Global
	GlobalSection(SolutionConfigurationPlatforms) = preSolution
		Debug|Any CPU = Debug|Any CPU
		Release|Any CPU = Release|Any CPU
	EndGlobalSection
	GlobalSection(ProjectConfigurationPlatforms) = postSolution
		{B4F95398-F18B-4453-8FCF-D2C6FA3FD5E2}.Debug|Any CPU.ActiveCfg = Debug|Any CPU
		{B4F95398-F18B-4453-8FCF-D2C6FA3FD5E2}.Debug|Any CPU.Build.0 = Debug|Any CPU
		{B4F95398-F18B-4453-8FCF-D2C6FA3FD5E2}.Release|Any CPU.ActiveCfg = Release|Any CPU
		{B4F95398-F18B-4453-8FCF-D2C6FA3FD5E2}.Release|Any CPU.Build.0 = Release|Any CPU
	EndGlobalSection
	GlobalSection(SolutionProperties) = preSolution
		HideSolutionNode = FALSE
	EndGlobalSection
	GlobalSection(ExtensibilityGlobals) = postSolution
		SolutionGuid = {0E58AA98-34D1-4308-98CB-79A0D312287E}
	EndGlobalSection
EndGlobal
